GEM
  remote: https://rubygems.org/
  specs:
    cocos (0.4.2)
      csvreader (>= 1.2.5)
      iniparser (>= 1.0.1)
      tabreader (>= 1.0.1)
      webclient (>= 0.2.2)
    csvjson (1.0.1)
    csvreader (1.2.5)
      csvjson (>= 1.0.0)
      csvyaml (>= 0.1.0)
      tabreader (>= 1.0.1)
    csvyaml (1.0.0)
    iniparser (1.0.1)
    season-formats (0.1.0)
    tabreader (1.0.1)
    webclient (0.2.2)

PLATFORMS
  x64-mingw-ucrt
  x86_64-linux

DEPENDENCIES
  cocos
  season-formats

BUNDLED WITH
   2.5.22
